
Microsoft Visual Studio Solution File, Format Version 12.00
# Visual Studio 14
VisualStudioVersion = 14.0.25420.1
MinimumVisualStudioVersion = 10.0.40219.1
Project("{2150E333-8FDC-42A3-9474-1A3956D46DE8}") = ".nuget", ".nuget", "{6AA00F18-D258-41D0-9369-5CCB373542C9}"
	ProjectSection(SolutionItems) = preProject
		.nuget\NuGet.Config = .nuget\NuGet.Config
		.nuget\NuGet.exe = .nuget\NuGet.exe
		.nuget\NuGet.targets = .nuget\NuGet.targets
	EndProjectSection
EndProject
Project("{FAE04EC0-301F-11D3-BF4B-00C04F79EFBC}") = "Etilize", "EtilizeUI\Etilize.csproj", "{7BA0C944-2C94-4560-803E-4CD2A293197C}"
EndProject
Project("{FAE04EC0-301F-11D3-BF4B-00C04F79EFBC}") = "Etilize.Services", "ServiceConsumer\Etilize.Services.csproj", "{770DA8B6-A634-4478-9DB2-EA632A849022}"
EndProject
Project("{FAE04EC0-301F-11D3-BF4B-00C04F79EFBC}") = "Etilize.ExcelManager", "EtilizeDocument\Etilize.ExcelManager.csproj", "{C6D35458-C6ED-4BCE-8D35-51F28F8456AF}"
EndProject
Project("{FAE04EC0-301F-11D3-BF4B-00C04F79EFBC}") = "Etilize.Models", "Models\Etilize.Models.csproj", "{5D626D6E-1843-4A5E-8336-D1FD4989F1CE}"
EndProject
Project("{FAE04EC0-301F-11D3-BF4B-00C04F79EFBC}") = "Etilize.Data", "Etilize.Data\Etilize.Data.csproj", "{2F7D143F-6357-4E62-97F8-025E4338615C}"
EndProject
Project("{FAE04EC0-301F-11D3-BF4B-00C04F79EFBC}") = "Etilize.Integration", "Etilize.Integration\Etilize.Integration.csproj", "{024036A2-1620-461E-84FF-A94529B73E1E}"
EndProject
Project("{FAE04EC0-301F-11D3-BF4B-00C04F79EFBC}") = "UnitTest", "UnitTest\UnitTest.csproj", "{9A193670-D114-4456-823A-912F74C43C2C}"
EndProject
Project("{6141683F-8A12-4E36-9623-2EB02B2C2303}") = "Etilize.Installer", "Etilize.Installer\Etilize.Installer.isproj", "{81764320-8202-4967-9CA2-BC6CDC8E5C79}"
	ProjectSection(ProjectDependencies) = postProject
		{2F7D143F-6357-4E62-97F8-025E4338615C} = {2F7D143F-6357-4E62-97F8-025E4338615C}
		{7BA0C944-2C94-4560-803E-4CD2A293197C} = {7BA0C944-2C94-4560-803E-4CD2A293197C}
		{C6D35458-C6ED-4BCE-8D35-51F28F8456AF} = {C6D35458-C6ED-4BCE-8D35-51F28F8456AF}
		{5D626D6E-1843-4A5E-8336-D1FD4989F1CE} = {5D626D6E-1843-4A5E-8336-D1FD4989F1CE}
		{024036A2-1620-461E-84FF-A94529B73E1E} = {024036A2-1620-461E-84FF-A94529B73E1E}
		{770DA8B6-A634-4478-9DB2-EA632A849022} = {770DA8B6-A634-4478-9DB2-EA632A849022}
		{FF3718D4-4633-46EC-9188-8D1BB9C2032D} = {FF3718D4-4633-46EC-9188-8D1BB9C2032D}
		{5B4917F9-E40B-4140-A619-9C245EEA8A5D} = {5B4917F9-E40B-4140-A619-9C245EEA8A5D}
	EndProjectSection
EndProject
Project("{FAE04EC0-301F-11D3-BF4B-00C04F79EFBC}") = "Etlize.DocumentManager", "..\DocumentManager\DocumentManager\Etlize.DocumentManager.csproj", "{5B4917F9-E40B-4140-A619-9C245EEA8A5D}"
EndProject
Project("{FAE04EC0-301F-11D3-BF4B-00C04F79EFBC}") = "Corspro.Services", "Corspro.Services\Corspro.Services.csproj", "{FF3718D4-4633-46EC-9188-8D1BB9C2032D}"
EndProject
Global
	GlobalSection(SolutionConfigurationPlatforms) = preSolution
		CD_ROM|Any CPU = CD_ROM|Any CPU
		CD_ROM|x86 = CD_ROM|x86
		Debug|Any CPU = Debug|Any CPU
		Debug|x86 = Debug|x86
		DVD-5|Any CPU = DVD-5|Any CPU
		DVD-5|x86 = DVD-5|x86
		Release|Any CPU = Release|Any CPU
		Release|x86 = Release|x86
		SingleImage|Any CPU = SingleImage|Any CPU
		SingleImage|x86 = SingleImage|x86
	EndGlobalSection
	GlobalSection(ProjectConfigurationPlatforms) = postSolution
		{7BA0C944-2C94-4560-803E-4CD2A293197C}.CD_ROM|Any CPU.ActiveCfg = Release|Any CPU
		{7BA0C944-2C94-4560-803E-4CD2A293197C}.CD_ROM|Any CPU.Build.0 = Release|Any CPU
		{7BA0C944-2C94-4560-803E-4CD2A293197C}.CD_ROM|x86.ActiveCfg = Debug|Any CPU
		{7BA0C944-2C94-4560-803E-4CD2A293197C}.Debug|Any CPU.ActiveCfg = Debug|Any CPU
		{7BA0C944-2C94-4560-803E-4CD2A293197C}.Debug|Any CPU.Build.0 = Debug|Any CPU
		{7BA0C944-2C94-4560-803E-4CD2A293197C}.Debug|x86.ActiveCfg = Debug|Any CPU
		{7BA0C944-2C94-4560-803E-4CD2A293197C}.DVD-5|Any CPU.ActiveCfg = Debug|Any CPU
		{7BA0C944-2C94-4560-803E-4CD2A293197C}.DVD-5|Any CPU.Build.0 = Debug|Any CPU
		{7BA0C944-2C94-4560-803E-4CD2A293197C}.DVD-5|x86.ActiveCfg = Debug|Any CPU
		{7BA0C944-2C94-4560-803E-4CD2A293197C}.Release|Any CPU.ActiveCfg = Release|Any CPU
		{7BA0C944-2C94-4560-803E-4CD2A293197C}.Release|Any CPU.Build.0 = Release|Any CPU
		{7BA0C944-2C94-4560-803E-4CD2A293197C}.Release|x86.ActiveCfg = Release|Any CPU
		{7BA0C944-2C94-4560-803E-4CD2A293197C}.SingleImage|Any CPU.ActiveCfg = Release|Any CPU
		{7BA0C944-2C94-4560-803E-4CD2A293197C}.SingleImage|Any CPU.Build.0 = Release|Any CPU
		{7BA0C944-2C94-4560-803E-4CD2A293197C}.SingleImage|x86.ActiveCfg = Debug|Any CPU
		{7BA0C944-2C94-4560-803E-4CD2A293197C}.SingleImage|x86.Build.0 = Debug|Any CPU
		{770DA8B6-A634-4478-9DB2-EA632A849022}.CD_ROM|Any CPU.ActiveCfg = Release|Any CPU
		{770DA8B6-A634-4478-9DB2-EA632A849022}.CD_ROM|Any CPU.Build.0 = Release|Any CPU
		{770DA8B6-A634-4478-9DB2-EA632A849022}.CD_ROM|x86.ActiveCfg = Debug|Any CPU
		{770DA8B6-A634-4478-9DB2-EA632A849022}.Debug|Any CPU.ActiveCfg = Debug|Any CPU
		{770DA8B6-A634-4478-9DB2-EA632A849022}.Debug|Any CPU.Build.0 = Debug|Any CPU
		{770DA8B6-A634-4478-9DB2-EA632A849022}.Debug|x86.ActiveCfg = Debug|Any CPU
		{770DA8B6-A634-4478-9DB2-EA632A849022}.DVD-5|Any CPU.ActiveCfg = Debug|Any CPU
		{770DA8B6-A634-4478-9DB2-EA632A849022}.DVD-5|Any CPU.Build.0 = Debug|Any CPU
		{770DA8B6-A634-4478-9DB2-EA632A849022}.DVD-5|x86.ActiveCfg = Debug|Any CPU
		{770DA8B6-A634-4478-9DB2-EA632A849022}.Release|Any CPU.ActiveCfg = Release|Any CPU
		{770DA8B6-A634-4478-9DB2-EA632A849022}.Release|Any CPU.Build.0 = Release|Any CPU
		{770DA8B6-A634-4478-9DB2-EA632A849022}.Release|x86.ActiveCfg = Release|Any CPU
		{770DA8B6-A634-4478-9DB2-EA632A849022}.SingleImage|Any CPU.ActiveCfg = Release|Any CPU
		{770DA8B6-A634-4478-9DB2-EA632A849022}.SingleImage|Any CPU.Build.0 = Release|Any CPU
		{770DA8B6-A634-4478-9DB2-EA632A849022}.SingleImage|x86.ActiveCfg = Debug|Any CPU
		{770DA8B6-A634-4478-9DB2-EA632A849022}.SingleImage|x86.Build.0 = Debug|Any CPU
		{C6D35458-C6ED-4BCE-8D35-51F28F8456AF}.CD_ROM|Any CPU.ActiveCfg = Release|Any CPU
		{C6D35458-C6ED-4BCE-8D35-51F28F8456AF}.CD_ROM|Any CPU.Build.0 = Release|Any CPU
		{C6D35458-C6ED-4BCE-8D35-51F28F8456AF}.CD_ROM|x86.ActiveCfg = Debug|Any CPU
		{C6D35458-C6ED-4BCE-8D35-51F28F8456AF}.Debug|Any CPU.ActiveCfg = Debug|Any CPU
		{C6D35458-C6ED-4BCE-8D35-51F28F8456AF}.Debug|Any CPU.Build.0 = Debug|Any CPU
		{C6D35458-C6ED-4BCE-8D35-51F28F8456AF}.Debug|x86.ActiveCfg = Debug|Any CPU
		{C6D35458-C6ED-4BCE-8D35-51F28F8456AF}.DVD-5|Any CPU.ActiveCfg = Debug|Any CPU
		{C6D35458-C6ED-4BCE-8D35-51F28F8456AF}.DVD-5|Any CPU.Build.0 = Debug|Any CPU
		{C6D35458-C6ED-4BCE-8D35-51F28F8456AF}.DVD-5|x86.ActiveCfg = Debug|Any CPU
		{C6D35458-C6ED-4BCE-8D35-51F28F8456AF}.Release|Any CPU.ActiveCfg = Release|Any CPU
		{C6D35458-C6ED-4BCE-8D35-51F28F8456AF}.Release|Any CPU.Build.0 = Release|Any CPU
		{C6D35458-C6ED-4BCE-8D35-51F28F8456AF}.Release|x86.ActiveCfg = Release|Any CPU
		{C6D35458-C6ED-4BCE-8D35-51F28F8456AF}.SingleImage|Any CPU.ActiveCfg = Release|Any CPU
		{C6D35458-C6ED-4BCE-8D35-51F28F8456AF}.SingleImage|Any CPU.Build.0 = Release|Any CPU
		{C6D35458-C6ED-4BCE-8D35-51F28F8456AF}.SingleImage|x86.ActiveCfg = Debug|Any CPU
		{C6D35458-C6ED-4BCE-8D35-51F28F8456AF}.SingleImage|x86.Build.0 = Debug|Any CPU
		{5D626D6E-1843-4A5E-8336-D1FD4989F1CE}.CD_ROM|Any CPU.ActiveCfg = Release|Any CPU
		{5D626D6E-1843-4A5E-8336-D1FD4989F1CE}.CD_ROM|Any CPU.Build.0 = Release|Any CPU
		{5D626D6E-1843-4A5E-8336-D1FD4989F1CE}.CD_ROM|x86.ActiveCfg = Debug|Any CPU
		{5D626D6E-1843-4A5E-8336-D1FD4989F1CE}.Debug|Any CPU.ActiveCfg = Debug|Any CPU
		{5D626D6E-1843-4A5E-8336-D1FD4989F1CE}.Debug|Any CPU.Build.0 = Debug|Any CPU
		{5D626D6E-1843-4A5E-8336-D1FD4989F1CE}.Debug|x86.ActiveCfg = Debug|Any CPU
		{5D626D6E-1843-4A5E-8336-D1FD4989F1CE}.DVD-5|Any CPU.ActiveCfg = Debug|Any CPU
		{5D626D6E-1843-4A5E-8336-D1FD4989F1CE}.DVD-5|Any CPU.Build.0 = Debug|Any CPU
		{5D626D6E-1843-4A5E-8336-D1FD4989F1CE}.DVD-5|x86.ActiveCfg = Debug|Any CPU
		{5D626D6E-1843-4A5E-8336-D1FD4989F1CE}.Release|Any CPU.ActiveCfg = Release|Any CPU
		{5D626D6E-1843-4A5E-8336-D1FD4989F1CE}.Release|Any CPU.Build.0 = Release|Any CPU
		{5D626D6E-1843-4A5E-8336-D1FD4989F1CE}.Release|x86.ActiveCfg = Release|Any CPU
		{5D626D6E-1843-4A5E-8336-D1FD4989F1CE}.SingleImage|Any CPU.ActiveCfg = Release|Any CPU
		{5D626D6E-1843-4A5E-8336-D1FD4989F1CE}.SingleImage|Any CPU.Build.0 = Release|Any CPU
		{5D626D6E-1843-4A5E-8336-D1FD4989F1CE}.SingleImage|x86.ActiveCfg = Debug|Any CPU
		{5D626D6E-1843-4A5E-8336-D1FD4989F1CE}.SingleImage|x86.Build.0 = Debug|Any CPU
		{2F7D143F-6357-4E62-97F8-025E4338615C}.CD_ROM|Any CPU.ActiveCfg = Release|Any CPU
		{2F7D143F-6357-4E62-97F8-025E4338615C}.CD_ROM|Any CPU.Build.0 = Release|Any CPU
		{2F7D143F-6357-4E62-97F8-025E4338615C}.CD_ROM|x86.ActiveCfg = Release|x86
		{2F7D143F-6357-4E62-97F8-025E4338615C}.CD_ROM|x86.Build.0 = Release|x86
		{2F7D143F-6357-4E62-97F8-025E4338615C}.Debug|Any CPU.ActiveCfg = Debug|Any CPU
		{2F7D143F-6357-4E62-97F8-025E4338615C}.Debug|Any CPU.Build.0 = Debug|Any CPU
		{2F7D143F-6357-4E62-97F8-025E4338615C}.Debug|x86.ActiveCfg = Debug|x86
		{2F7D143F-6357-4E62-97F8-025E4338615C}.Debug|x86.Build.0 = Debug|x86
		{2F7D143F-6357-4E62-97F8-025E4338615C}.DVD-5|Any CPU.ActiveCfg = Debug|Any CPU
		{2F7D143F-6357-4E62-97F8-025E4338615C}.DVD-5|Any CPU.Build.0 = Debug|Any CPU
		{2F7D143F-6357-4E62-97F8-025E4338615C}.DVD-5|x86.ActiveCfg = Debug|x86
		{2F7D143F-6357-4E62-97F8-025E4338615C}.DVD-5|x86.Build.0 = Debug|x86
		{2F7D143F-6357-4E62-97F8-025E4338615C}.Release|Any CPU.ActiveCfg = Release|Any CPU
		{2F7D143F-6357-4E62-97F8-025E4338615C}.Release|Any CPU.Build.0 = Release|Any CPU
		{2F7D143F-6357-4E62-97F8-025E4338615C}.Release|x86.ActiveCfg = Release|x86
		{2F7D143F-6357-4E62-97F8-025E4338615C}.Release|x86.Build.0 = Release|x86
		{2F7D143F-6357-4E62-97F8-025E4338615C}.SingleImage|Any CPU.ActiveCfg = Release|x86
		{2F7D143F-6357-4E62-97F8-025E4338615C}.SingleImage|Any CPU.Build.0 = Release|x86
		{2F7D143F-6357-4E62-97F8-025E4338615C}.SingleImage|x86.ActiveCfg = Release|x86
		{2F7D143F-6357-4E62-97F8-025E4338615C}.SingleImage|x86.Build.0 = Release|x86
		{024036A2-1620-461E-84FF-A94529B73E1E}.CD_ROM|Any CPU.ActiveCfg = Release|Any CPU
		{024036A2-1620-461E-84FF-A94529B73E1E}.CD_ROM|Any CPU.Build.0 = Release|Any CPU
		{024036A2-1620-461E-84FF-A94529B73E1E}.CD_ROM|x86.ActiveCfg = Debug|Any CPU
		{024036A2-1620-461E-84FF-A94529B73E1E}.Debug|Any CPU.ActiveCfg = Debug|Any CPU
		{024036A2-1620-461E-84FF-A94529B73E1E}.Debug|Any CPU.Build.0 = Debug|Any CPU
		{024036A2-1620-461E-84FF-A94529B73E1E}.Debug|x86.ActiveCfg = Debug|Any CPU
		{024036A2-1620-461E-84FF-A94529B73E1E}.DVD-5|Any CPU.ActiveCfg = Debug|Any CPU
		{024036A2-1620-461E-84FF-A94529B73E1E}.DVD-5|Any CPU.Build.0 = Debug|Any CPU
		{024036A2-1620-461E-84FF-A94529B73E1E}.DVD-5|x86.ActiveCfg = Debug|Any CPU
		{024036A2-1620-461E-84FF-A94529B73E1E}.Release|Any CPU.ActiveCfg = Release|Any CPU
		{024036A2-1620-461E-84FF-A94529B73E1E}.Release|Any CPU.Build.0 = Release|Any CPU
		{024036A2-1620-461E-84FF-A94529B73E1E}.Release|x86.ActiveCfg = Release|Any CPU
		{024036A2-1620-461E-84FF-A94529B73E1E}.SingleImage|Any CPU.ActiveCfg = Release|Any CPU
		{024036A2-1620-461E-84FF-A94529B73E1E}.SingleImage|Any CPU.Build.0 = Release|Any CPU
		{024036A2-1620-461E-84FF-A94529B73E1E}.SingleImage|x86.ActiveCfg = Debug|Any CPU
		{024036A2-1620-461E-84FF-A94529B73E1E}.SingleImage|x86.Build.0 = Debug|Any CPU
		{9A193670-D114-4456-823A-912F74C43C2C}.CD_ROM|Any CPU.ActiveCfg = Release|Any CPU
		{9A193670-D114-4456-823A-912F74C43C2C}.CD_ROM|Any CPU.Build.0 = Release|Any CPU
		{9A193670-D114-4456-823A-912F74C43C2C}.CD_ROM|x86.ActiveCfg = Debug|Any CPU
		{9A193670-D114-4456-823A-912F74C43C2C}.Debug|Any CPU.ActiveCfg = Debug|Any CPU
		{9A193670-D114-4456-823A-912F74C43C2C}.Debug|Any CPU.Build.0 = Debug|Any CPU
		{9A193670-D114-4456-823A-912F74C43C2C}.Debug|x86.ActiveCfg = Debug|Any CPU
		{9A193670-D114-4456-823A-912F74C43C2C}.DVD-5|Any CPU.ActiveCfg = Debug|Any CPU
		{9A193670-D114-4456-823A-912F74C43C2C}.DVD-5|Any CPU.Build.0 = Debug|Any CPU
		{9A193670-D114-4456-823A-912F74C43C2C}.DVD-5|x86.ActiveCfg = Debug|Any CPU
		{9A193670-D114-4456-823A-912F74C43C2C}.Release|Any CPU.ActiveCfg = Release|Any CPU
		{9A193670-D114-4456-823A-912F74C43C2C}.Release|Any CPU.Build.0 = Release|Any CPU
		{9A193670-D114-4456-823A-912F74C43C2C}.Release|x86.ActiveCfg = Release|Any CPU
		{9A193670-D114-4456-823A-912F74C43C2C}.SingleImage|Any CPU.ActiveCfg = Release|Any CPU
		{9A193670-D114-4456-823A-912F74C43C2C}.SingleImage|Any CPU.Build.0 = Release|Any CPU
		{9A193670-D114-4456-823A-912F74C43C2C}.SingleImage|x86.ActiveCfg = Debug|Any CPU
		{81764320-8202-4967-9CA2-BC6CDC8E5C79}.CD_ROM|Any CPU.ActiveCfg = CD_ROM
		{81764320-8202-4967-9CA2-BC6CDC8E5C79}.CD_ROM|Any CPU.Build.0 = CD_ROM
		{81764320-8202-4967-9CA2-BC6CDC8E5C79}.CD_ROM|x86.ActiveCfg = CD_ROM
		{81764320-8202-4967-9CA2-BC6CDC8E5C79}.CD_ROM|x86.Build.0 = CD_ROM
		{81764320-8202-4967-9CA2-BC6CDC8E5C79}.Debug|Any CPU.ActiveCfg = DVD-5
		{81764320-8202-4967-9CA2-BC6CDC8E5C79}.Debug|Any CPU.Build.0 = DVD-5
		{81764320-8202-4967-9CA2-BC6CDC8E5C79}.Debug|x86.ActiveCfg = DVD-5
		{81764320-8202-4967-9CA2-BC6CDC8E5C79}.Debug|x86.Build.0 = DVD-5
		{81764320-8202-4967-9CA2-BC6CDC8E5C79}.DVD-5|Any CPU.ActiveCfg = DVD-5
		{81764320-8202-4967-9CA2-BC6CDC8E5C79}.DVD-5|Any CPU.Build.0 = DVD-5
		{81764320-8202-4967-9CA2-BC6CDC8E5C79}.DVD-5|x86.ActiveCfg = DVD-5
		{81764320-8202-4967-9CA2-BC6CDC8E5C79}.DVD-5|x86.Build.0 = DVD-5
		{81764320-8202-4967-9CA2-BC6CDC8E5C79}.Release|Any CPU.ActiveCfg = SingleImage
		{81764320-8202-4967-9CA2-BC6CDC8E5C79}.Release|Any CPU.Build.0 = SingleImage
		{81764320-8202-4967-9CA2-BC6CDC8E5C79}.Release|x86.ActiveCfg = SingleImage
		{81764320-8202-4967-9CA2-BC6CDC8E5C79}.Release|x86.Build.0 = SingleImage
		{81764320-8202-4967-9CA2-BC6CDC8E5C79}.SingleImage|Any CPU.ActiveCfg = SingleImage
		{81764320-8202-4967-9CA2-BC6CDC8E5C79}.SingleImage|Any CPU.Build.0 = SingleImage
		{81764320-8202-4967-9CA2-BC6CDC8E5C79}.SingleImage|x86.ActiveCfg = SingleImage
		{81764320-8202-4967-9CA2-BC6CDC8E5C79}.SingleImage|x86.Build.0 = SingleImage
		{5B4917F9-E40B-4140-A619-9C245EEA8A5D}.CD_ROM|Any CPU.ActiveCfg = Release|Any CPU
		{5B4917F9-E40B-4140-A619-9C245EEA8A5D}.CD_ROM|Any CPU.Build.0 = Release|Any CPU
		{5B4917F9-E40B-4140-A619-9C245EEA8A5D}.CD_ROM|x86.ActiveCfg = Debug|Any CPU
		{5B4917F9-E40B-4140-A619-9C245EEA8A5D}.Debug|Any CPU.ActiveCfg = Debug|Any CPU
		{5B4917F9-E40B-4140-A619-9C245EEA8A5D}.Debug|Any CPU.Build.0 = Debug|Any CPU
		{5B4917F9-E40B-4140-A619-9C245EEA8A5D}.Debug|x86.ActiveCfg = Debug|Any CPU
		{5B4917F9-E40B-4140-A619-9C245EEA8A5D}.DVD-5|Any CPU.ActiveCfg = Debug|Any CPU
		{5B4917F9-E40B-4140-A619-9C245EEA8A5D}.DVD-5|Any CPU.Build.0 = Debug|Any CPU
		{5B4917F9-E40B-4140-A619-9C245EEA8A5D}.DVD-5|x86.ActiveCfg = Debug|Any CPU
		{5B4917F9-E40B-4140-A619-9C245EEA8A5D}.Release|Any CPU.ActiveCfg = Release|Any CPU
		{5B4917F9-E40B-4140-A619-9C245EEA8A5D}.Release|Any CPU.Build.0 = Release|Any CPU
		{5B4917F9-E40B-4140-A619-9C245EEA8A5D}.Release|x86.ActiveCfg = Release|Any CPU
		{5B4917F9-E40B-4140-A619-9C245EEA8A5D}.SingleImage|Any CPU.ActiveCfg = Release|Any CPU
		{5B4917F9-E40B-4140-A619-9C245EEA8A5D}.SingleImage|Any CPU.Build.0 = Release|Any CPU
		{5B4917F9-E40B-4140-A619-9C245EEA8A5D}.SingleImage|x86.ActiveCfg = Debug|Any CPU
		{FF3718D4-4633-46EC-9188-8D1BB9C2032D}.CD_ROM|Any CPU.ActiveCfg = Release|Any CPU
		{FF3718D4-4633-46EC-9188-8D1BB9C2032D}.CD_ROM|Any CPU.Build.0 = Release|Any CPU
		{FF3718D4-4633-46EC-9188-8D1BB9C2032D}.CD_ROM|x86.ActiveCfg = Release|Any CPU
		{FF3718D4-4633-46EC-9188-8D1BB9C2032D}.Debug|Any CPU.ActiveCfg = Debug|Any CPU
		{FF3718D4-4633-46EC-9188-8D1BB9C2032D}.Debug|Any CPU.Build.0 = Debug|Any CPU
		{FF3718D4-4633-46EC-9188-8D1BB9C2032D}.Debug|x86.ActiveCfg = Debug|Any CPU
		{FF3718D4-4633-46EC-9188-8D1BB9C2032D}.DVD-5|Any CPU.ActiveCfg = Debug|Any CPU
		{FF3718D4-4633-46EC-9188-8D1BB9C2032D}.DVD-5|Any CPU.Build.0 = Debug|Any CPU
		{FF3718D4-4633-46EC-9188-8D1BB9C2032D}.DVD-5|x86.ActiveCfg = Debug|Any CPU
		{FF3718D4-4633-46EC-9188-8D1BB9C2032D}.Release|Any CPU.ActiveCfg = Release|Any CPU
		{FF3718D4-4633-46EC-9188-8D1BB9C2032D}.Release|Any CPU.Build.0 = Release|Any CPU
		{FF3718D4-4633-46EC-9188-8D1BB9C2032D}.Release|x86.ActiveCfg = Release|Any CPU
		{FF3718D4-4633-46EC-9188-8D1BB9C2032D}.SingleImage|Any CPU.ActiveCfg = Release|Any CPU
		{FF3718D4-4633-46EC-9188-8D1BB9C2032D}.SingleImage|Any CPU.Build.0 = Release|Any CPU
		{FF3718D4-4633-46EC-9188-8D1BB9C2032D}.SingleImage|x86.ActiveCfg = Release|Any CPU
	EndGlobalSection
	GlobalSection(SolutionProperties) = preSolution
		HideSolutionNode = FALSE
	EndGlobalSection
	GlobalSection(ExtensibilityGlobals) = postSolution
		SolutionGuid = {088C6D3F-B99F-40E5-8616-EED3969D3D3A}
	EndGlobalSection
EndGlobal
